
Microsoft Visual Studio Solution File, Format Version 12.00
# Visual Studio Version 17
VisualStudioVersion = 17.4.33122.133
MinimumVisualStudioVersion = 10.0.40219.1
Project("{9A19103F-16F7-4668-BE54-9A1E7A4F7556}") = "API", "src\API\API.csproj", "{FED3525F-AA4A-4883-ABC9-A0B67E475DE8}"
EndProject
Project("{E53339B2-1760-4266-BCC7-CA923CBCF16C}") = "docker-compose", "docker-compose\docker-compose.dcproj", "{7B7D98CD-C76C-4D81-A181-04D547C1290A}"
EndProject
Project("{2150E333-8FDC-42A3-9474-1A3956D46DE8}") = "src", "src", "{BD050DAD-C78D-4E95-82A9-C9844548E47C}"
EndProject
Project("{9A19103F-16F7-4668-BE54-9A1E7A4F7556}") = "Domain", "src\Domain\Domain.csproj", "{63C55283-FE8D-480A-9C9E-18FFB5E73843}"
EndProject
Project("{9A19103F-16F7-4668-BE54-9A1E7A4F7556}") = "Application", "src\Application\Application.csproj", "{E994828D-4984-4C62-AD18-1629E8EABD25}"
EndProject
Project("{9A19103F-16F7-4668-BE54-9A1E7A4F7556}") = "Infrastructure", "src\Infrastructure\Infrastructure.csproj", "{DFEF80D8-5CC2-4B53-AD9D-0B83AA1BFFE5}"
EndProject
Project("{2150E333-8FDC-42A3-9474-1A3956D46DE8}") = "tests", "tests", "{E3151BE3-FC4A-435C-8943-33FBD8EB5CF3}"
EndProject
Project("{2150E333-8FDC-42A3-9474-1A3956D46DE8}") = "adapters", "adapters", "{C94DED63-7146-4928-97DB-DE64B28613D6}"
EndProject
Project("{2150E333-8FDC-42A3-9474-1A3956D46DE8}") = "core", "core", "{D8F5CD76-34C5-4B71-A751-342BAB59851D}"
EndProject
Project("{2150E333-8FDC-42A3-9474-1A3956D46DE8}") = "adapters", "adapters", "{287D93C4-96C1-4A9E-8815-8F472EE410EB}"
EndProject
Project("{FAE04EC0-301F-11D3-BF4B-00C04F79EFBC}") = "Infrastructure.Tests", "tests\Infrastructure.Tests\Infrastructure.Tests.csproj", "{0EA98F76-6232-480B-A274-5E32BC9E4CEB}"
EndProject
Project("{FAE04EC0-301F-11D3-BF4B-00C04F79EFBC}") = "Domain.Tests", "tests\Domain.Tests\Domain.Tests.csproj", "{5CF2E15B-1DEC-4124-9DFB-ACC8ED12BE5D}"
EndProject
Project("{2150E333-8FDC-42A3-9474-1A3956D46DE8}") = "core", "core", "{CB3A70CB-DB03-4D05-B4B7-6AE02CB5A058}"
EndProject
Project("{FAE04EC0-301F-11D3-BF4B-00C04F79EFBC}") = "Application.Tests", "tests\Application.Tests\Application.Tests.csproj", "{627726E0-D4FE-4677-9006-D599049DD7B3}"
EndProject
Project("{FAE04EC0-301F-11D3-BF4B-00C04F79EFBC}") = "API.Tests", "tests\API.Tests\API.Tests.csproj", "{7016EE82-117C-4706-83A6-4B2936EEDFAC}"
EndProject
Global
	GlobalSection(SolutionConfigurationPlatforms) = preSolution
		Debug|Any CPU = Debug|Any CPU
		Release|Any CPU = Release|Any CPU
	EndGlobalSection
	GlobalSection(ProjectConfigurationPlatforms) = postSolution
		{FED3525F-AA4A-4883-ABC9-A0B67E475DE8}.Debug|Any CPU.ActiveCfg = Debug|Any CPU
		{FED3525F-AA4A-4883-ABC9-A0B67E475DE8}.Debug|Any CPU.Build.0 = Debug|Any CPU
		{FED3525F-AA4A-4883-ABC9-A0B67E475DE8}.Release|Any CPU.ActiveCfg = Release|Any CPU
		{FED3525F-AA4A-4883-ABC9-A0B67E475DE8}.Release|Any CPU.Build.0 = Release|Any CPU
		{7B7D98CD-C76C-4D81-A181-04D547C1290A}.Debug|Any CPU.ActiveCfg = Debug|Any CPU
		{7B7D98CD-C76C-4D81-A181-04D547C1290A}.Debug|Any CPU.Build.0 = Debug|Any CPU
		{7B7D98CD-C76C-4D81-A181-04D547C1290A}.Release|Any CPU.ActiveCfg = Release|Any CPU
		{7B7D98CD-C76C-4D81-A181-04D547C1290A}.Release|Any CPU.Build.0 = Release|Any CPU
		{63C55283-FE8D-480A-9C9E-18FFB5E73843}.Debug|Any CPU.ActiveCfg = Debug|Any CPU
		{63C55283-FE8D-480A-9C9E-18FFB5E73843}.Debug|Any CPU.Build.0 = Debug|Any CPU
		{63C55283-FE8D-480A-9C9E-18FFB5E73843}.Release|Any CPU.ActiveCfg = Release|Any CPU
		{63C55283-FE8D-480A-9C9E-18FFB5E73843}.Release|Any CPU.Build.0 = Release|Any CPU
		{E994828D-4984-4C62-AD18-1629E8EABD25}.Debug|Any CPU.ActiveCfg = Debug|Any CPU
		{E994828D-4984-4C62-AD18-1629E8EABD25}.Debug|Any CPU.Build.0 = Debug|Any CPU
		{E994828D-4984-4C62-AD18-1629E8EABD25}.Release|Any CPU.ActiveCfg = Release|Any CPU
		{E994828D-4984-4C62-AD18-1629E8EABD25}.Release|Any CPU.Build.0 = Release|Any CPU
		{DFEF80D8-5CC2-4B53-AD9D-0B83AA1BFFE5}.Debug|Any CPU.ActiveCfg = Debug|Any CPU
		{DFEF80D8-5CC2-4B53-AD9D-0B83AA1BFFE5}.Debug|Any CPU.Build.0 = Debug|Any CPU
		{DFEF80D8-5CC2-4B53-AD9D-0B83AA1BFFE5}.Release|Any CPU.ActiveCfg = Release|Any CPU
		{DFEF80D8-5CC2-4B53-AD9D-0B83AA1BFFE5}.Release|Any CPU.Build.0 = Release|Any CPU
		{0EA98F76-6232-480B-A274-5E32BC9E4CEB}.Debug|Any CPU.ActiveCfg = Debug|Any CPU
		{0EA98F76-6232-480B-A274-5E32BC9E4CEB}.Debug|Any CPU.Build.0 = Debug|Any CPU
		{0EA98F76-6232-480B-A274-5E32BC9E4CEB}.Release|Any CPU.ActiveCfg = Release|Any CPU
		{0EA98F76-6232-480B-A274-5E32BC9E4CEB}.Release|Any CPU.Build.0 = Release|Any CPU
		{5CF2E15B-1DEC-4124-9DFB-ACC8ED12BE5D}.Debug|Any CPU.ActiveCfg = Debug|Any CPU
		{5CF2E15B-1DEC-4124-9DFB-ACC8ED12BE5D}.Debug|Any CPU.Build.0 = Debug|Any CPU
		{5CF2E15B-1DEC-4124-9DFB-ACC8ED12BE5D}.Release|Any CPU.ActiveCfg = Release|Any CPU
		{5CF2E15B-1DEC-4124-9DFB-ACC8ED12BE5D}.Release|Any CPU.Build.0 = Release|Any CPU
		{627726E0-D4FE-4677-9006-D599049DD7B3}.Debug|Any CPU.ActiveCfg = Debug|Any CPU
		{627726E0-D4FE-4677-9006-D599049DD7B3}.Debug|Any CPU.Build.0 = Debug|Any CPU
		{627726E0-D4FE-4677-9006-D599049DD7B3}.Release|Any CPU.ActiveCfg = Release|Any CPU
		{627726E0-D4FE-4677-9006-D599049DD7B3}.Release|Any CPU.Build.0 = Release|Any CPU
		{7016EE82-117C-4706-83A6-4B2936EEDFAC}.Debug|Any CPU.ActiveCfg = Debug|Any CPU
		{7016EE82-117C-4706-83A6-4B2936EEDFAC}.Debug|Any CPU.Build.0 = Debug|Any CPU
		{7016EE82-117C-4706-83A6-4B2936EEDFAC}.Release|Any CPU.ActiveCfg = Release|Any CPU
		{7016EE82-117C-4706-83A6-4B2936EEDFAC}.Release|Any CPU.Build.0 = Release|Any CPU
	EndGlobalSection
	GlobalSection(SolutionProperties) = preSolution
		HideSolutionNode = FALSE
	EndGlobalSection
	GlobalSection(NestedProjects) = preSolution
		{FED3525F-AA4A-4883-ABC9-A0B67E475DE8} = {C94DED63-7146-4928-97DB-DE64B28613D6}
		{63C55283-FE8D-480A-9C9E-18FFB5E73843} = {D8F5CD76-34C5-4B71-A751-342BAB59851D}
		{E994828D-4984-4C62-AD18-1629E8EABD25} = {D8F5CD76-34C5-4B71-A751-342BAB59851D}
		{DFEF80D8-5CC2-4B53-AD9D-0B83AA1BFFE5} = {C94DED63-7146-4928-97DB-DE64B28613D6}
		{C94DED63-7146-4928-97DB-DE64B28613D6} = {BD050DAD-C78D-4E95-82A9-C9844548E47C}
		{D8F5CD76-34C5-4B71-A751-342BAB59851D} = {BD050DAD-C78D-4E95-82A9-C9844548E47C}
		{287D93C4-96C1-4A9E-8815-8F472EE410EB} = {E3151BE3-FC4A-435C-8943-33FBD8EB5CF3}
		{0EA98F76-6232-480B-A274-5E32BC9E4CEB} = {287D93C4-96C1-4A9E-8815-8F472EE410EB}
		{5CF2E15B-1DEC-4124-9DFB-ACC8ED12BE5D} = {CB3A70CB-DB03-4D05-B4B7-6AE02CB5A058}
		{CB3A70CB-DB03-4D05-B4B7-6AE02CB5A058} = {E3151BE3-FC4A-435C-8943-33FBD8EB5CF3}
		{627726E0-D4FE-4677-9006-D599049DD7B3} = {CB3A70CB-DB03-4D05-B4B7-6AE02CB5A058}
		{7016EE82-117C-4706-83A6-4B2936EEDFAC} = {287D93C4-96C1-4A9E-8815-8F472EE410EB}
	EndGlobalSection
	GlobalSection(ExtensibilityGlobals) = postSolution
		SolutionGuid = {CBEC5475-E55B-4B9C-9F4C-9A0F92D5F868}
	EndGlobalSection
EndGlobal
